
Microsoft Visual Studio Solution File, Format Version 12.00
Project("{FAE04EC0-301F-11D3-BF4B-00C04F79EFBC}") = "portfolio-website-backend", "portfolio-website-backend\portfolio-website-backend.csproj", "{99E332D3-7FC6-4F85-86D1-5B0AF9C58102}"
EndProject
Global
	GlobalSection(SolutionConfigurationPlatforms) = preSolution
		Debug|Any CPU = Debug|Any CPU
		Release|Any CPU = Release|Any CPU
	EndGlobalSection
	GlobalSection(ProjectConfigurationPlatforms) = postSolution
		{99E332D3-7FC6-4F85-86D1-5B0AF9C58102}.Debug|Any CPU.ActiveCfg = Debug|Any CPU
		{99E332D3-7FC6-4F85-86D1-5B0AF9C58102}.Debug|Any CPU.Build.0 = Debug|Any CPU
		{99E332D3-7FC6-4F85-86D1-5B0AF9C58102}.Release|Any CPU.ActiveCfg = Release|Any CPU
		{99E332D3-7FC6-4F85-86D1-5B0AF9C58102}.Release|Any CPU.Build.0 = Release|Any CPU
	EndGlobalSection
EndGlobal
